// !$*UTF8*$!
{
	archiveVersion = 1;
	classes = {
	};
	objectVersion = 50;
	objects = {

/* Begin PBXBuildFile section */
		A186B97820E2B69C00BB415C /* CVCoreModel.xcdatamodeld in Sources */ = {isa = PBXBuildFile; fileRef = A186B97620E2B69C00BB415C /* CVCoreModel.xcdatamodeld */; };
		A186B98820E2F63900BB415C /* ConocimientosTableViewCell.swift in Sources */ = {isa = PBXBuildFile; fileRef = A186B98720E2F63900BB415C /* ConocimientosTableViewCell.swift */; };
		A186B98A20E2F87900BB415C /* ConocimientosViewController.swift in Sources */ = {isa = PBXBuildFile; fileRef = A186B98920E2F87900BB415C /* ConocimientosViewController.swift */; };
		A1987E8320E1AAB1009CF2E4 /* AppDelegate.swift in Sources */ = {isa = PBXBuildFile; fileRef = A1987E8220E1AAB1009CF2E4 /* AppDelegate.swift */; };
		A1987E8820E1AAB1009CF2E4 /* Main.storyboard in Resources */ = {isa = PBXBuildFile; fileRef = A1987E8620E1AAB1009CF2E4 /* Main.storyboard */; };
		A1987E8A20E1AAB2009CF2E4 /* Assets.xcassets in Resources */ = {isa = PBXBuildFile; fileRef = A1987E8920E1AAB2009CF2E4 /* Assets.xcassets */; };
		A1987E8D20E1AAB2009CF2E4 /* LaunchScreen.storyboard in Resources */ = {isa = PBXBuildFile; fileRef = A1987E8B20E1AAB2009CF2E4 /* LaunchScreen.storyboard */; };
		A1987E9C20E1B3D2009CF2E4 /* CvVisualizationViewController.swift in Sources */ = {isa = PBXBuildFile; fileRef = A1987E9B20E1B3D2009CF2E4 /* CvVisualizationViewController.swift */; };
		A1987E9E20E1B55C009CF2E4 /* ChangeCvViewController.swift in Sources */ = {isa = PBXBuildFile; fileRef = A1987E9D20E1B55C009CF2E4 /* ChangeCvViewController.swift */; };
		A1987EA120E1B709009CF2E4 /* Localizable.strings in Resources */ = {isa = PBXBuildFile; fileRef = A1987EA020E1B709009CF2E4 /* Localizable.strings */; };
		A1987EA320E1B74C009CF2E4 /* DatePickerDialog.swift in Sources */ = {isa = PBXBuildFile; fileRef = A1987EA220E1B74C009CF2E4 /* DatePickerDialog.swift */; };
		A1987EA520E1B797009CF2E4 /* DateExtension.swift in Sources */ = {isa = PBXBuildFile; fileRef = A1987EA420E1B797009CF2E4 /* DateExtension.swift */; };
/* End PBXBuildFile section */

/* Begin PBXFileReference section */
		A186B97720E2B69C00BB415C /* CVCoreModel.xcdatamodel */ = {isa = PBXFileReference; lastKnownFileType = wrapper.xcdatamodel; path = CVCoreModel.xcdatamodel; sourceTree = "<group>"; };
		A186B98720E2F63900BB415C /* ConocimientosTableViewCell.swift */ = {isa = PBXFileReference; lastKnownFileType = sourcecode.swift; path = ConocimientosTableViewCell.swift; sourceTree = "<group>"; };
		A186B98920E2F87900BB415C /* ConocimientosViewController.swift */ = {isa = PBXFileReference; lastKnownFileType = sourcecode.swift; path = ConocimientosViewController.swift; sourceTree = "<group>"; };
		A1987E7F20E1AAB1009CF2E4 /* CVVisualization.app */ = {isa = PBXFileReference; explicitFileType = wrapper.application; includeInIndex = 0; path = CVVisualization.app; sourceTree = BUILT_PRODUCTS_DIR; };
		A1987E8220E1AAB1009CF2E4 /* AppDelegate.swift */ = {isa = PBXFileReference; lastKnownFileType = sourcecode.swift; path = AppDelegate.swift; sourceTree = "<group>"; };
		A1987E8720E1AAB1009CF2E4 /* Base */ = {isa = PBXFileReference; lastKnownFileType = file.storyboard; name = Base; path = Base.lproj/Main.storyboard; sourceTree = "<group>"; };
		A1987E8920E1AAB2009CF2E4 /* Assets.xcassets */ = {isa = PBXFileReference; lastKnownFileType = folder.assetcatalog; path = Assets.xcassets; sourceTree = "<group>"; };
		A1987E8C20E1AAB2009CF2E4 /* Base */ = {isa = PBXFileReference; lastKnownFileType = file.storyboard; name = Base; path = Base.lproj/LaunchScreen.storyboard; sourceTree = "<group>"; };
		A1987E8E20E1AAB2009CF2E4 /* Info.plist */ = {isa = PBXFileReference; lastKnownFileType = text.plist.xml; path = Info.plist; sourceTree = "<group>"; };
		A1987E9620E1B0E2009CF2E4 /* KeyboardLayoutConstraint.swift */ = {isa = PBXFileReference; lastKnownFileType = sourcecode.swift; path = KeyboardLayoutConstraint.swift; sourceTree = "<group>"; };
		A1987E9B20E1B3D2009CF2E4 /* CvVisualizationViewController.swift */ = {isa = PBXFileReference; lastKnownFileType = sourcecode.swift; path = CvVisualizationViewController.swift; sourceTree = "<group>"; };
		A1987E9D20E1B55C009CF2E4 /* ChangeCvViewController.swift */ = {isa = PBXFileReference; lastKnownFileType = sourcecode.swift; path = ChangeCvViewController.swift; sourceTree = "<group>"; };
		A1987EA020E1B709009CF2E4 /* Localizable.strings */ = {isa = PBXFileReference; lastKnownFileType = text.plist.strings; path = Localizable.strings; sourceTree = "<group>"; };
		A1987EA220E1B74C009CF2E4 /* DatePickerDialog.swift */ = {isa = PBXFileReference; lastKnownFileType = sourcecode.swift; path = DatePickerDialog.swift; sourceTree = "<group>"; };
		A1987EA420E1B797009CF2E4 /* DateExtension.swift */ = {isa = PBXFileReference; lastKnownFileType = sourcecode.swift; path = DateExtension.swift; sourceTree = "<group>"; };
/* End PBXFileReference section */

/* Begin PBXFrameworksBuildPhase section */
		A1987E7C20E1AAB1009CF2E4 /* Frameworks */ = {
			isa = PBXFrameworksBuildPhase;
			buildActionMask = 2147483647;
			files = (
			);
			runOnlyForDeploymentPostprocessing = 0;
		};
/* End PBXFrameworksBuildPhase section */

/* Begin PBXGroup section */
		A186B98620E2DEE100BB415C /* Resources */ = {
			isa = PBXGroup;
			children = (
				A186B98720E2F63900BB415C /* ConocimientosTableViewCell.swift */,
			);
			path = Resources;
			sourceTree = "<group>";
		};
		A1987E7620E1AAB1009CF2E4 = {
			isa = PBXGroup;
			children = (
				A1987E8120E1AAB1009CF2E4 /* CVVisualization */,
				A1987E8020E1AAB1009CF2E4 /* Products */,
			);
			sourceTree = "<group>";
		};
		A1987E8020E1AAB1009CF2E4 /* Products */ = {
			isa = PBXGroup;
			children = (
				A1987E7F20E1AAB1009CF2E4 /* CVVisualization.app */,
			);
			name = Products;
			sourceTree = "<group>";
		};
		A1987E8120E1AAB1009CF2E4 /* CVVisualization */ = {
			isa = PBXGroup;
			children = (
				A1987EA620E1B7C5009CF2E4 /* View */,
				A1987E9A20E1B3A9009CF2E4 /* Controllers */,
				A1987E9720E1B26E009CF2E4 /* Model */,
				A1987E9420E1B0D8009CF2E4 /* Others */,
				A1987E8220E1AAB1009CF2E4 /* AppDelegate.swift */,
				A1987E8E20E1AAB2009CF2E4 /* Info.plist */,
			);
			path = CVVisualization;
			sourceTree = "<group>";
		};
		A1987E9420E1B0D8009CF2E4 /* Others */ = {
			isa = PBXGroup;
			children = (
				A1987EA020E1B709009CF2E4 /* Localizable.strings */,
				A1987E8920E1AAB2009CF2E4 /* Assets.xcassets */,
				A1987E9620E1B0E2009CF2E4 /* KeyboardLayoutConstraint.swift */,
				A1987EA220E1B74C009CF2E4 /* DatePickerDialog.swift */,
				A1987EA420E1B797009CF2E4 /* DateExtension.swift */,
			);
			path = Others;
			sourceTree = "<group>";
		};
		A1987E9720E1B26E009CF2E4 /* Model */ = {
			isa = PBXGroup;
			children = (
				A186B97620E2B69C00BB415C /* CVCoreModel.xcdatamodeld */,
			);
			path = Model;
			sourceTree = "<group>";
		};
		A1987E9A20E1B3A9009CF2E4 /* Controllers */ = {
			isa = PBXGroup;
			children = (
				A186B98620E2DEE100BB415C /* Resources */,
				A1987E9B20E1B3D2009CF2E4 /* CvVisualizationViewController.swift */,
				A1987E9D20E1B55C009CF2E4 /* ChangeCvViewController.swift */,
				A186B98920E2F87900BB415C /* ConocimientosViewController.swift */,
			);
			path = Controllers;
			sourceTree = "<group>";
		};
		A1987EA620E1B7C5009CF2E4 /* View */ = {
			isa = PBXGroup;
			children = (
				A1987E8B20E1AAB2009CF2E4 /* LaunchScreen.storyboard */,
				A1987E8620E1AAB1009CF2E4 /* Main.storyboard */,
			);
			path = View;
			sourceTree = "<group>";
		};
/* End PBXGroup section */

/* Begin PBXNativeTarget section */
		A1987E7E20E1AAB1009CF2E4 /* CVVisualization */ = {
			isa = PBXNativeTarget;
			buildConfigurationList = A1987E9120E1AAB2009CF2E4 /* Build configuration list for PBXNativeTarget "CVVisualization" */;
			buildPhases = (
				A1987E7B20E1AAB1009CF2E4 /* Sources */,
				A1987E7C20E1AAB1009CF2E4 /* Frameworks */,
				A1987E7D20E1AAB1009CF2E4 /* Resources */,
			);
			buildRules = (
			);
			dependencies = (
			);
			name = CVVisualization;
			productName = CVVisualization;
			productReference = A1987E7F20E1AAB1009CF2E4 /* CVVisualization.app */;
			productType = "com.apple.product-type.application";
		};
/* End PBXNativeTarget section */

/* Begin PBXProject section */
		A1987E7720E1AAB1009CF2E4 /* Project object */ = {
			isa = PBXProject;
			attributes = {
				LastSwiftUpdateCheck = 0930;
				LastUpgradeCheck = 0930;
				ORGANIZATIONNAME = "Fran Lucena";
				TargetAttributes = {
					A1987E7E20E1AAB1009CF2E4 = {
						CreatedOnToolsVersion = 9.3;
					};
				};
			};
			buildConfigurationList = A1987E7A20E1AAB1009CF2E4 /* Build configuration list for PBXProject "CVVisualization" */;
			compatibilityVersion = "Xcode 9.3";
			developmentRegion = en;
			hasScannedForEncodings = 0;
			knownRegions = (
				en,
				Base,
			);
			mainGroup = A1987E7620E1AAB1009CF2E4;
			productRefGroup = A1987E8020E1AAB1009CF2E4 /* Products */;
			projectDirPath = "";
			projectRoot = "";
			targets = (
				A1987E7E20E1AAB1009CF2E4 /* CVVisualization */,
			);
		};
/* End PBXProject section */

/* Begin PBXResourcesBuildPhase section */
		A1987E7D20E1AAB1009CF2E4 /* Resources */ = {
			isa = PBXResourcesBuildPhase;
			buildActionMask = 2147483647;
			files = (
				A1987E8D20E1AAB2009CF2E4 /* LaunchScreen.storyboard in Resources */,
				A1987EA120E1B709009CF2E4 /* Localizable.strings in Resources */,
				A1987E8A20E1AAB2009CF2E4 /* Assets.xcassets in Resources */,
				A1987E8820E1AAB1009CF2E4 /* Main.storyboard in Resources */,
			);
			runOnlyForDeploymentPostprocessing = 0;
		};
/* End PBXResourcesBuildPhase section */

/* Begin PBXSourcesBuildPhase section */
		A1987E7B20E1AAB1009CF2E4 /* Sources */ = {
			isa = PBXSourcesBuildPhase;
			buildActionMask = 2147483647;
			files = (
				A186B98820E2F63900BB415C /* ConocimientosTableViewCell.swift in Sources */,
				A186B97820E2B69C00BB415C /* CVCoreModel.xcdatamodeld in Sources */,
				A1987EA520E1B797009CF2E4 /* DateExtension.swift in Sources */,
				A1987E9E20E1B55C009CF2E4 /* ChangeCvViewController.swift in Sources */,
				A1987E8320E1AAB1009CF2E4 /* AppDelegate.swift in Sources */,
				A1987E9C20E1B3D2009CF2E4 /* CvVisualizationViewController.swift in Sources */,
				A1987EA320E1B74C009CF2E4 /* DatePickerDialog.swift in Sources */,
				A186B98A20E2F87900BB415C /* ConocimientosViewController.swift in Sources */,
			);
			runOnlyForDeploymentPostprocessing = 0;
		};
/* End PBXSourcesBuildPhase section */

/* Begin PBXVariantGroup section */
		A1987E8620E1AAB1009CF2E4 /* Main.storyboard */ = {
			isa = PBXVariantGroup;
			children = (
				A1987E8720E1AAB1009CF2E4 /* Base */,
			);
			name = Main.storyboard;
			sourceTree = "<group>";
		};
		A1987E8B20E1AAB2009CF2E4 /* LaunchScreen.storyboard */ = {
			isa = PBXVariantGroup;
			children = (
				A1987E8C20E1AAB2009CF2E4 /* Base */,
			);
			name = LaunchScreen.storyboard;
			sourceTree = "<group>";
		};
/* End PBXVariantGroup section */

/* Begin XCBuildConfiguration section */
		A1987E8F20E1AAB2009CF2E4 /* Debug */ = {
			isa = XCBuildConfiguration;
			buildSettings = {
				ALWAYS_SEARCH_USER_PATHS = NO;
				CLANG_ANALYZER_NONNULL = YES;
				CLANG_ANALYZER_NUMBER_OBJECT_CONVERSION = YES_AGGRESSIVE;
				CLANG_CXX_LANGUAGE_STANDARD = "gnu++14";
				CLANG_CXX_LIBRARY = "libc++";
				CLANG_ENABLE_MODULES = YES;
				CLANG_ENABLE_OBJC_ARC = YES;
				CLANG_ENABLE_OBJC_WEAK = YES;
				CLANG_WARN_BLOCK_CAPTURE_AUTORELEASING = YES;
				CLANG_WARN_BOOL_CONVERSION = YES;
				CLANG_WARN_COMMA = YES;
				CLANG_WARN_CONSTANT_CONVERSION = YES;
				CLANG_WARN_DEPRECATED_OBJC_IMPLEMENTATIONS = YES;
				CLANG_WARN_DIRECT_OBJC_ISA_USAGE = YES_ERROR;
				CLANG_WARN_DOCUMENTATION_COMMENTS = YES;
				CLANG_WARN_EMPTY_BODY = YES;
				CLANG_WARN_ENUM_CONVERSION = YES;
				CLANG_WARN_INFINITE_RECURSION = YES;
				CLANG_WARN_INT_CONVERSION = YES;
				CLANG_WARN_NON_LITERAL_NULL_CONVERSION = YES;
				CLANG_WARN_OBJC_IMPLICIT_RETAIN_SELF = YES;
				CLANG_WARN_OBJC_LITERAL_CONVERSION = YES;
				CLANG_WARN_OBJC_ROOT_CLASS = YES_ERROR;
				CLANG_WARN_RANGE_LOOP_ANALYSIS = YES;
				CLANG_WARN_STRICT_PROTOTYPES = YES;
				CLANG_WARN_SUSPICIOUS_MOVE = YES;
				CLANG_WARN_UNGUARDED_AVAILABILITY = YES_AGGRESSIVE;
				CLANG_WARN_UNREACHABLE_CODE = YES;
				CLANG_WARN__DUPLICATE_METHOD_MATCH = YES;
				CODE_SIGN_IDENTITY = "iPhone Developer";
				COPY_PHASE_STRIP = NO;
				DEBUG_INFORMATION_FORMAT = dwarf;
				ENABLE_STRICT_OBJC_MSGSEND = YES;
				ENABLE_TESTABILITY = YES;
				GCC_C_LANGUAGE_STANDARD = gnu11;
				GCC_DYNAMIC_NO_PIC = NO;
				GCC_NO_COMMON_BLOCKS = YES;
				GCC_OPTIMIZATION_LEVEL = 0;
				GCC_PREPROCESSOR_DEFINITIONS = (
					"DEBUG=1",
					"$(inherited)",
				);
				GCC_WARN_64_TO_32_BIT_CONVERSION = YES;
				GCC_WARN_ABOUT_RETURN_TYPE = YES_ERROR;
				GCC_WARN_UNDECLARED_SELECTOR = YES;
				GCC_WARN_UNINITIALIZED_AUTOS = YES_AGGRESSIVE;
				GCC_WARN_UNUSED_FUNCTION = YES;
				GCC_WARN_UNUSED_VARIABLE = YES;
				IPHONEOS_DEPLOYMENT_TARGET = 11.3;
				MTL_ENABLE_DEBUG_INFO = YES;
				ONLY_ACTIVE_ARCH = YES;
				SDKROOT = iphoneos;
				SWIFT_ACTIVE_COMPILATION_CONDITIONS = DEBUG;
				SWIFT_OPTIMIZATION_LEVEL = "-Onone";
			};
			name = Debug;
		};
		A1987E9020E1AAB2009CF2E4 /* Release */ = {
			isa = XCBuildConfiguration;
			buildSettings = {
				ALWAYS_SEARCH_USER_PATHS = NO;
				CLANG_ANALYZER_NONNULL = YES;
				CLANG_ANALYZER_NUMBER_OBJECT_CONVERSION = YES_AGGRESSIVE;
				CLANG_CXX_LANGUAGE_STANDARD = "gnu++14";
				CLANG_CXX_LIBRARY = "libc++";
				CLANG_ENABLE_MODULES = YES;
				CLANG_ENABLE_OBJC_ARC = YES;
				CLANG_ENABLE_OBJC_WEAK = YES;
				CLANG_WARN_BLOCK_CAPTURE_AUTORELEASING = YES;
				CLANG_WARN_BOOL_CONVERSION = YES;
				CLANG_WARN_COMMA = YES;
				CLANG_WARN_CONSTANT_CONVERSION = YES;
				CLANG_WARN_DEPRECATED_OBJC_IMPLEMENTATIONS = YES;
				CLANG_WARN_DIRECT_OBJC_ISA_USAGE = YES_ERROR;
				CLANG_WARN_DOCUMENTATION_COMMENTS = YES;
				CLANG_WARN_EMPTY_BODY = YES;
				CLANG_WARN_ENUM_CONVERSION = YES;
				CLANG_WARN_INFINITE_RECURSION = YES;
				CLANG_WARN_INT_CONVERSION = YES;
				CLANG_WARN_NON_LITERAL_NULL_CONVERSION = YES;
				CLANG_WARN_OBJC_IMPLICIT_RETAIN_SELF = YES;
				CLANG_WARN_OBJC_LITERAL_CONVERSION = YES;
				CLANG_WARN_OBJC_ROOT_CLASS = YES_ERROR;
				CLANG_WARN_RANGE_LOOP_ANALYSIS = YES;
				CLANG_WARN_STRICT_PROTOTYPES = YES;
				CLANG_WARN_SUSPICIOUS_MOVE = YES;
				CLANG_WARN_UNGUARDED_AVAILABILITY = YES_AGGRESSIVE;
				CLANG_WARN_UNREACHABLE_CODE = YES;
				CLANG_WARN__DUPLICATE_METHOD_MATCH = YES;
				CODE_SIGN_IDENTITY = "iPhone Developer";
				COPY_PHASE_STRIP = NO;
				DEBUG_INFORMATION_FORMAT = "dwarf-with-dsym";
				ENABLE_NS_ASSERTIONS = NO;
				ENABLE_STRICT_OBJC_MSGSEND = YES;
				GCC_C_LANGUAGE_STANDARD = gnu11;
				GCC_NO_COMMON_BLOCKS = YES;
				GCC_WARN_64_TO_32_BIT_CONVERSION = YES;
				GCC_WARN_ABOUT_RETURN_TYPE = YES_ERROR;
				GCC_WARN_UNDECLARED_SELECTOR = YES;
				GCC_WARN_UNINITIALIZED_AUTOS = YES_AGGRESSIVE;
				GCC_WARN_UNUSED_FUNCTION = YES;
				GCC_WARN_UNUSED_VARIABLE = YES;
				IPHONEOS_DEPLOYMENT_TARGET = 11.3;
				MTL_ENABLE_DEBUG_INFO = NO;
				SDKROOT = iphoneos;
				SWIFT_COMPILATION_MODE = wholemodule;
				SWIFT_OPTIMIZATION_LEVEL = "-O";
				VALIDATE_PRODUCT = YES;
			};
			name = Release;
		};
		A1987E9220E1AAB2009CF2E4 /* Debug */ = {
			isa = XCBuildConfiguration;
			buildSettings = {
				ASSETCATALOG_COMPILER_APPICON_NAME = AppIcon;
				CODE_SIGN_STYLE = Automatic;
				DEVELOPMENT_TEAM = ZJB52HYPRJ;
				INFOPLIST_FILE = CVVisualization/Info.plist;
				LD_RUNPATH_SEARCH_PATHS = (
					"$(inherited)",
					"@executable_path/Frameworks",
				);
				PRODUCT_BUNDLE_IDENTIFIER = com.franlucenadejuan.CVVisualization;
				PRODUCT_NAME = "$(TARGET_NAME)";
				SWIFT_VERSION = 4.0;
				TARGETED_DEVICE_FAMILY = "1,2";
			};
			name = Debug;
		};
		A1987E9320E1AAB2009CF2E4 /* Release */ = {
			isa = XCBuildConfiguration;
			buildSettings = {
				ASSETCATALOG_COMPILER_APPICON_NAME = AppIcon;
				CODE_SIGN_STYLE = Automatic;
				DEVELOPMENT_TEAM = ZJB52HYPRJ;
				INFOPLIST_FILE = CVVisualization/Info.plist;
				LD_RUNPATH_SEARCH_PATHS = (
					"$(inherited)",
					"@executable_path/Frameworks",
				);
				PRODUCT_BUNDLE_IDENTIFIER = com.franlucenadejuan.CVVisualization;
				PRODUCT_NAME = "$(TARGET_NAME)";
				SWIFT_VERSION = 4.0;
				TARGETED_DEVICE_FAMILY = "1,2";
			};
			name = Release;
		};
/* End XCBuildConfiguration section */

/* Begin XCConfigurationList section */
		A1987E7A20E1AAB1009CF2E4 /* Build configuration list for PBXProject "CVVisualization" */ = {
			isa = XCConfigurationList;
			buildConfigurations = (
				A1987E8F20E1AAB2009CF2E4 /* Debug */,
				A1987E9020E1AAB2009CF2E4 /* Release */,
			);
			defaultConfigurationIsVisible = 0;
			defaultConfigurationName = Release;
		};
		A1987E9120E1AAB2009CF2E4 /* Build configuration list for PBXNativeTarget "CVVisualization" */ = {
			isa = XCConfigurationList;
			buildConfigurations = (
				A1987E9220E1AAB2009CF2E4 /* Debug */,
				A1987E9320E1AAB2009CF2E4 /* Release */,
			);
			defaultConfigurationIsVisible = 0;
			defaultConfigurationName = Release;
		};
/* End XCConfigurationList section */

/* Begin XCVersionGroup section */
		A186B97620E2B69C00BB415C /* CVCoreModel.xcdatamodeld */ = {
			isa = XCVersionGroup;
			children = (
				A186B97720E2B69C00BB415C /* CVCoreModel.xcdatamodel */,
			);
			currentVersion = A186B97720E2B69C00BB415C /* CVCoreModel.xcdatamodel */;
			path = CVCoreModel.xcdatamodeld;
			sourceTree = "<group>";
			versionGroupType = wrapper.xcdatamodel;
		};
/* End XCVersionGroup section */
	};
	rootObject = A1987E7720E1AAB1009CF2E4 /* Project object */;
}
